
Microsoft Visual Studio Solution File, Format Version 12.00
# Visual Studio Version 16
VisualStudioVersion = 16.0.31019.35
MinimumVisualStudioVersion = 10.0.40219.1
Project("{FAE04EC0-301F-11D3-BF4B-00C04F79EFBC}") = "DecerixUPC", "DecerixUPC.csproj", "{99C53270-78B6-42A3-A6A9-4BBE3437864B}"
EndProject
Global
	GlobalSection(SolutionConfigurationPlatforms) = preSolution
		Debug|Any CPU = Debug|Any CPU
		Release|Any CPU = Release|Any CPU
	EndGlobalSection
	GlobalSection(ProjectConfigurationPlatforms) = postSolution
		{99C53270-78B6-42A3-A6A9-4BBE3437864B}.Debug|Any CPU.ActiveCfg = Debug|Any CPU
		{99C53270-78B6-42A3-A6A9-4BBE3437864B}.Debug|Any CPU.Build.0 = Debug|Any CPU
		{99C53270-78B6-42A3-A6A9-4BBE3437864B}.Release|Any CPU.ActiveCfg = Release|Any CPU
		{99C53270-78B6-42A3-A6A9-4BBE3437864B}.Release|Any CPU.Build.0 = Release|Any CPU
	EndGlobalSection
	GlobalSection(SolutionProperties) = preSolution
		HideSolutionNode = FALSE
	EndGlobalSection
	GlobalSection(ExtensibilityGlobals) = postSolution
		SolutionGuid = {0B7FCFFE-072A-470D-8AE4-3B2DFC570BCD}
	EndGlobalSection
EndGlobal
